{
  "requires": true,
  "lockfileVersion": 1,
  "dependencies": {
    "sweetconfirm.js": {
      "version": "0.3.0",
      "resolved": "https://registry.npmjs.org/sweetconfirm.js/-/sweetconfirm.js-0.3.0.tgz",
      "integrity": "sha512-e0CCWG+cAA51iqNIUT3WtdG4g6Dl9glWRNjivWdLzJzMabSFNh2Ji3KbLZbKPm+7T4cWOqnU4MNSzb8iEptrKA=="
    }
  }
}
